lockfileVersion: '6.0'

settings:
  autoInstallPeers: true
  excludeLinksFromLockfile: false

dependencies:
  antd-mini:
    specifier: 0.0.20
    version: 0.0.20
  compare-versions:
    specifier: ^5.0.1
    version: 5.0.1
  lodash:
    specifier: ^4.17.21
    version: 4.17.21

packages:

  /@babel/runtime@7.18.9:
    resolution: {integrity: sha512-lkqXDcvlFT5rvEjiu6+QYO+1GXrEHRo2LOtS7E4GtX5ESIZOgepqsZBVIj6Pv+a6zqsya9VCgiK1KAK4BvJDAw==}
    engines: {node: '>=6.9.0'}
    dependencies:
      regenerator-runtime: 0.13.9
    dev: false

  /antd-mini@0.0.20:
    resolution: {integrity: sha512-qoTfiYGTyhTPoohTc0uzNfeta4lz4lYKK0mwtsuY3JC1Sv6sNEdI3efZuROjrJ2vrrhvZ1BppoG+xHXAjek4pA==}
    dependencies:
      '@babel/runtime': 7.18.9
      async-validator: 4.2.5
      dayjs: 1.11.4
      fast-deep-equal: 3.1.3
      tslib: 2.4.0
    dev: false

  /async-validator@4.2.5:
    resolution: {integrity: sha512-7HhHjtERjqlNbZtqNqy2rckN/SpOOlmDliet+lP7k+eKZEjPk3DgyeU9lIXLdeLz0uBbbVp+9Qdow9wJWgwwfg==}
    dev: false

  /compare-versions@5.0.1:
    resolution: {integrity: sha512-v8Au3l0b+Nwkp4G142JcgJFh1/TUhdxut7wzD1Nq1dyp5oa3tXaqb03EXOAB6jS4gMlalkjAUPZBMiAfKUixHQ==}
    dev: false

  /dayjs@1.11.4:
    resolution: {integrity: sha512-Zj/lPM5hOvQ1Bf7uAvewDaUcsJoI6JmNqmHhHl3nyumwe0XHwt8sWdOVAPACJzCebL8gQCi+K49w7iKWnGwX9g==}
    dev: false

  /fast-deep-equal@3.1.3:
    resolution: {integrity: sha512-f3qQ9oQy9j2AhBe/H9VC91wLmKBCCU/gDOnKNAYG5hswO7BLKj09Hc5HYNz9cGI++xlpDCIgDaitVs03ATR84Q==}
    dev: false

  /lodash@4.17.21:
    resolution: {integrity: sha512-v2kDEe57lecTulaDIuNTPy3Ry4gLGJ6Z1O3vE1krgXZNrsQ+LFTGHVxVjcXPs17LhbZVGedAJv8XZ1tvj5FvSg==}
    dev: false

  /regenerator-runtime@0.13.9:
    resolution: {integrity: sha512-p3VT+cOEgxFsRRA9X4lkI1E+k2/CtnKtU4gcxyaCUreilL/vqI6CdZ3wxVUx3UOUg+gnUOQQcRI7BmSI656MYA==}
    dev: false

  /tslib@2.4.0:
    resolution: {integrity: sha512-d6xOpEDfsi2CZVlPQzGeux8XMwLT9hssAsaPYExaQMuYskwb+x1x7J371tWlbBdWHroy99KnVB6qIkUbs5X3UQ==}
    dev: false
